// !$*UTF8*$!
{
	archiveVersion = 1;
	classes = {
	};
	objectVersion = 52;
	objects = {

/* Begin PBXAggregateTarget section */
		"FinanceKit::FinanceKitPackageTests::ProductTarget" /* FinanceKitPackageTests */ = {
			isa = PBXAggregateTarget;
			buildConfigurationList = OBJ_139 /* Build configuration list for PBXAggregateTarget "FinanceKitPackageTests" */;
			buildPhases = (
			);
			dependencies = (
				OBJ_142 /* PBXTargetDependency */,
			);
			name = FinanceKitPackageTests;
			productName = FinanceKitPackageTests;
		};
/* End PBXAggregateTarget section */

/* Begin PBXBuildFile section */
		AA69850C23760EFC00D0683C /* Decimal+DoubleValue.swift in Sources */ = {isa = PBXBuildFile; fileRef = AA69850823760EFC00D0683C /* Decimal+DoubleValue.swift */; };
		AA69851D2377351800D0683C /* SymbolTests.swift in Sources */ = {isa = PBXBuildFile; fileRef = AA69851C2377351800D0683C /* SymbolTests.swift */; };
		AA7DA6F12391DA4400EF65F5 /* CurrencyCode.swift in Sources */ = {isa = PBXBuildFile; fileRef = AA7DA6F02391DA4400EF65F5 /* CurrencyCode.swift */; };
		AA7DA6F32391DA7A00EF65F5 /* CurrencyCodeTests.swift in Sources */ = {isa = PBXBuildFile; fileRef = AA7DA6F22391DA7A00EF65F5 /* CurrencyCodeTests.swift */; };
		AA8474E52389CAF200B23520 /* DecimalDoubleValueTests.swift in Sources */ = {isa = PBXBuildFile; fileRef = AA8474E42389CAF200B23520 /* DecimalDoubleValueTests.swift */; };
		AAE675442375BC3000BA5141 /* TransactionTests.swift in Sources */ = {isa = PBXBuildFile; fileRef = AAE675432375BC3000BA5141 /* TransactionTests.swift */; };
		AAE677832392979A0053B303 /* Quantity.swift in Sources */ = {isa = PBXBuildFile; fileRef = AAE677822392979A0053B303 /* Quantity.swift */; };
		OBJ_109 /* Portfolio.swift in Sources */ = {isa = PBXBuildFile; fileRef = OBJ_30 /* Portfolio.swift */; };
		OBJ_110 /* Price.swift in Sources */ = {isa = PBXBuildFile; fileRef = OBJ_31 /* Price.swift */; };
		OBJ_114 /* Stock.swift in Sources */ = {isa = PBXBuildFile; fileRef = OBJ_35 /* Stock.swift */; };
		OBJ_123 /* Symbol.swift in Sources */ = {isa = PBXBuildFile; fileRef = OBJ_44 /* Symbol.swift */; };
		OBJ_126 /* Transaction.swift in Sources */ = {isa = PBXBuildFile; fileRef = OBJ_47 /* Transaction.swift */; };
		OBJ_137 /* Package.swift in Sources */ = {isa = PBXBuildFile; fileRef = OBJ_6 /* Package.swift */; };
		OBJ_148 /* ChangeTests.swift in Sources */ = {isa = PBXBuildFile; fileRef = OBJ_54 /* ChangeTests.swift */; };
		OBJ_152 /* CurrencyTests.swift in Sources */ = {isa = PBXBuildFile; fileRef = OBJ_58 /* CurrencyTests.swift */; };
		OBJ_169 /* XCTestManifests.swift in Sources */ = {isa = PBXBuildFile; fileRef = OBJ_75 /* XCTestManifests.swift */; };
		OBJ_171 /* FinanceKit.framework in Frameworks */ = {isa = PBXBuildFile; fileRef = "FinanceKit::FinanceKit::Product" /* FinanceKit.framework */; };
		OBJ_88 /* Change.swift in Sources */ = {isa = PBXBuildFile; fileRef = OBJ_9 /* Change.swift */; };
		OBJ_89 /* Company.swift in Sources */ = {isa = PBXBuildFile; fileRef = OBJ_10 /* Company.swift */; };
		OBJ_92 /* Currency.swift in Sources */ = {isa = PBXBuildFile; fileRef = OBJ_13 /* Currency.swift */; };
/* End PBXBuildFile section */

/* Begin PBXContainerItemProxy section */
		AA55AA73231ADDDE0073725E /* PBXContainerItemProxy */ = {
			isa = PBXContainerItemProxy;
			containerPortal = OBJ_1 /* Project object */;
			proxyType = 1;
			remoteGlobalIDString = "FinanceKit::FinanceKit";
			remoteInfo = FinanceKit;
		};
		AA55AA74231ADDE00073725E /* PBXContainerItemProxy */ = {
			isa = PBXContainerItemProxy;
			containerPortal = OBJ_1 /* Project object */;
			proxyType = 1;
			remoteGlobalIDString = "FinanceKit::FinanceKitTests";
			remoteInfo = FinanceKitTests;
		};
/* End PBXContainerItemProxy section */

/* Begin PBXFileReference section */
		AA69850523760EF000D0683C /* FinanceKit.xctestplan */ = {isa = PBXFileReference; fileEncoding = 4; lastKnownFileType = text; path = FinanceKit.xctestplan; sourceTree = "<group>"; };
		AA69850823760EFC00D0683C /* Decimal+DoubleValue.swift */ = {isa = PBXFileReference; fileEncoding = 4; lastKnownFileType = sourcecode.swift; path = "Decimal+DoubleValue.swift"; sourceTree = "<group>"; };
		AA69851C2377351800D0683C /* SymbolTests.swift */ = {isa = PBXFileReference; fileEncoding = 4; lastKnownFileType = sourcecode.swift; path = SymbolTests.swift; sourceTree = "<group>"; };
		AA7DA6F02391DA4400EF65F5 /* CurrencyCode.swift */ = {isa = PBXFileReference; lastKnownFileType = sourcecode.swift; path = CurrencyCode.swift; sourceTree = "<group>"; };
		AA7DA6F22391DA7A00EF65F5 /* CurrencyCodeTests.swift */ = {isa = PBXFileReference; lastKnownFileType = sourcecode.swift; path = CurrencyCodeTests.swift; sourceTree = "<group>"; };
		AA8474E42389CAF200B23520 /* DecimalDoubleValueTests.swift */ = {isa = PBXFileReference; lastKnownFileType = sourcecode.swift; path = DecimalDoubleValueTests.swift; sourceTree = "<group>"; };
		AAE675432375BC3000BA5141 /* TransactionTests.swift */ = {isa = PBXFileReference; lastKnownFileType = sourcecode.swift; name = TransactionTests.swift; path = Tests/FinanceKitTests/TransactionTests.swift; sourceTree = SOURCE_ROOT; };
		AAE677822392979A0053B303 /* Quantity.swift */ = {isa = PBXFileReference; fileEncoding = 4; lastKnownFileType = sourcecode.swift; path = Quantity.swift; sourceTree = "<group>"; };
		"FinanceKit::FinanceKit::Product" /* FinanceKit.framework */ = {isa = PBXFileReference; lastKnownFileType = wrapper.framework; path = FinanceKit.framework; sourceTree = BUILT_PRODUCTS_DIR; };
		"FinanceKit::FinanceKitTests::Product" /* FinanceKitTests.xctest */ = {isa = PBXFileReference; lastKnownFileType = file; path = FinanceKitTests.xctest; sourceTree = BUILT_PRODUCTS_DIR; };
		OBJ_10 /* Company.swift */ = {isa = PBXFileReference; lastKnownFileType = sourcecode.swift; path = Company.swift; sourceTree = "<group>"; };
		OBJ_13 /* Currency.swift */ = {isa = PBXFileReference; lastKnownFileType = sourcecode.swift; path = Currency.swift; sourceTree = "<group>"; };
		OBJ_30 /* Portfolio.swift */ = {isa = PBXFileReference; lastKnownFileType = sourcecode.swift; path = Portfolio.swift; sourceTree = "<group>"; };
		OBJ_31 /* Price.swift */ = {isa = PBXFileReference; lastKnownFileType = sourcecode.swift; path = Price.swift; sourceTree = "<group>"; };
		OBJ_35 /* Stock.swift */ = {isa = PBXFileReference; lastKnownFileType = sourcecode.swift; path = Stock.swift; sourceTree = "<group>"; };
		OBJ_44 /* Symbol.swift */ = {isa = PBXFileReference; lastKnownFileType = sourcecode.swift; path = Symbol.swift; sourceTree = "<group>"; };
		OBJ_47 /* Transaction.swift */ = {isa = PBXFileReference; lastKnownFileType = sourcecode.swift; path = Transaction.swift; sourceTree = "<group>"; };
		OBJ_54 /* ChangeTests.swift */ = {isa = PBXFileReference; lastKnownFileType = sourcecode.swift; path = ChangeTests.swift; sourceTree = "<group>"; };
		OBJ_58 /* CurrencyTests.swift */ = {isa = PBXFileReference; lastKnownFileType = sourcecode.swift; path = CurrencyTests.swift; sourceTree = "<group>"; };
		OBJ_6 /* Package.swift */ = {isa = PBXFileReference; explicitFileType = sourcecode.swift; path = Package.swift; sourceTree = "<group>"; };
		OBJ_75 /* XCTestManifests.swift */ = {isa = PBXFileReference; lastKnownFileType = sourcecode.swift; path = XCTestManifests.swift; sourceTree = "<group>"; };
		OBJ_81 /* LICENSE */ = {isa = PBXFileReference; lastKnownFileType = text; path = LICENSE; sourceTree = "<group>"; };
		OBJ_82 /* README.md */ = {isa = PBXFileReference; lastKnownFileType = net.daringfireball.markdown; path = README.md; sourceTree = "<group>"; };
		OBJ_9 /* Change.swift */ = {isa = PBXFileReference; lastKnownFileType = sourcecode.swift; path = Change.swift; sourceTree = "<group>"; };
/* End PBXFileReference section */

/* Begin PBXFrameworksBuildPhase section */
		OBJ_131 /* Frameworks */ = {
			isa = PBXFrameworksBuildPhase;
			buildActionMask = 0;
			files = (
			);
			runOnlyForDeploymentPostprocessing = 0;
		};
		OBJ_170 /* Frameworks */ = {
			isa = PBXFrameworksBuildPhase;
			buildActionMask = 0;
			files = (
				OBJ_171 /* FinanceKit.framework in Frameworks */,
			);
			runOnlyForDeploymentPostprocessing = 0;
		};
/* End PBXFrameworksBuildPhase section */

/* Begin PBXGroup section */
		OBJ_5 = {
			isa = PBXGroup;
			children = (
				OBJ_6 /* Package.swift */,
				OBJ_7 /* Sources */,
				OBJ_52 /* Tests */,
				OBJ_76 /* Products */,
				OBJ_81 /* LICENSE */,
				OBJ_82 /* README.md */,
			);
			sourceTree = "<group>";
		};
		OBJ_52 /* Tests */ = {
			isa = PBXGroup;
			children = (
				AA69850523760EF000D0683C /* FinanceKit.xctestplan */,
				OBJ_53 /* FinanceKitTests */,
			);
			name = Tests;
			sourceTree = SOURCE_ROOT;
		};
		OBJ_53 /* FinanceKitTests */ = {
			isa = PBXGroup;
			children = (
				OBJ_54 /* ChangeTests.swift */,
				AA7DA6F22391DA7A00EF65F5 /* CurrencyCodeTests.swift */,
				OBJ_58 /* CurrencyTests.swift */,
				AA8474E42389CAF200B23520 /* DecimalDoubleValueTests.swift */,
				AA69851C2377351800D0683C /* SymbolTests.swift */,
				AAE675432375BC3000BA5141 /* TransactionTests.swift */,
				OBJ_75 /* XCTestManifests.swift */,
			);
			name = FinanceKitTests;
			path = Tests/FinanceKitTests;
			sourceTree = SOURCE_ROOT;
		};
		OBJ_7 /* Sources */ = {
			isa = PBXGroup;
			children = (
				OBJ_8 /* FinanceKit */,
			);
			name = Sources;
			sourceTree = SOURCE_ROOT;
		};
		OBJ_76 /* Products */ = {
			isa = PBXGroup;
			children = (
				"FinanceKit::FinanceKit::Product" /* FinanceKit.framework */,
				"FinanceKit::FinanceKitTests::Product" /* FinanceKitTests.xctest */,
			);
			name = Products;
			sourceTree = BUILT_PRODUCTS_DIR;
		};
		OBJ_8 /* FinanceKit */ = {
			isa = PBXGroup;
			children = (
				OBJ_9 /* Change.swift */,
				OBJ_10 /* Company.swift */,
				OBJ_13 /* Currency.swift */,
				AA7DA6F02391DA4400EF65F5 /* CurrencyCode.swift */,
				AA69850823760EFC00D0683C /* Decimal+DoubleValue.swift */,
				OBJ_30 /* Portfolio.swift */,
				OBJ_31 /* Price.swift */,
				AAE677822392979A0053B303 /* Quantity.swift */,
				OBJ_35 /* Stock.swift */,
				OBJ_44 /* Symbol.swift */,
				OBJ_47 /* Transaction.swift */,
			);
			name = FinanceKit;
			path = Sources/FinanceKit;
			sourceTree = SOURCE_ROOT;
		};
/* End PBXGroup section */

/* Begin PBXNativeTarget section */
		"FinanceKit::FinanceKit" /* FinanceKit */ = {
			isa = PBXNativeTarget;
			buildConfigurationList = OBJ_84 /* Build configuration list for PBXNativeTarget "FinanceKit" */;
			buildPhases = (
				OBJ_87 /* Sources */,
				OBJ_131 /* Frameworks */,
				AA55AA75231ADE430073725E /* Swiftlint */,
			);
			buildRules = (
			);
			dependencies = (
			);
			name = FinanceKit;
			productName = FinanceKit;
			productReference = "FinanceKit::FinanceKit::Product" /* FinanceKit.framework */;
			productType = "com.apple.product-type.framework";
		};
		"FinanceKit::FinanceKitTests" /* FinanceKitTests */ = {
			isa = PBXNativeTarget;
			buildConfigurationList = OBJ_144 /* Build configuration list for PBXNativeTarget "FinanceKitTests" */;
			buildPhases = (
				OBJ_147 /* Sources */,
				OBJ_170 /* Frameworks */,
			);
			buildRules = (
			);
			dependencies = (
				OBJ_172 /* PBXTargetDependency */,
			);
			name = FinanceKitTests;
			productName = FinanceKitTests;
			productReference = "FinanceKit::FinanceKitTests::Product" /* FinanceKitTests.xctest */;
			productType = "com.apple.product-type.bundle.unit-test";
		};
		"FinanceKit::SwiftPMPackageDescription" /* FinanceKitPackageDescription */ = {
			isa = PBXNativeTarget;
			buildConfigurationList = OBJ_133 /* Build configuration list for PBXNativeTarget "FinanceKitPackageDescription" */;
			buildPhases = (
				OBJ_136 /* Sources */,
			);
			buildRules = (
			);
			dependencies = (
			);
			name = FinanceKitPackageDescription;
			productName = FinanceKitPackageDescription;
			productType = "com.apple.product-type.framework";
		};
/* End PBXNativeTarget section */

/* Begin PBXProject section */
		OBJ_1 /* Project object */ = {
			isa = PBXProject;
			attributes = {
				LastSwiftMigration = 9999;
				LastUpgradeCheck = 9999;
			};
			buildConfigurationList = OBJ_2 /* Build configuration list for PBXProject "FinanceKit" */;
			compatibilityVersion = "Xcode 11.0";
			developmentRegion = English;
			hasScannedForEncodings = 0;
			knownRegions = (
				English,
				en,
			);
			mainGroup = OBJ_5;
			productRefGroup = OBJ_76 /* Products */;
			projectDirPath = "";
			projectRoot = "";
			targets = (
				"FinanceKit::FinanceKit" /* FinanceKit */,
				"FinanceKit::SwiftPMPackageDescription" /* FinanceKitPackageDescription */,
				"FinanceKit::FinanceKitPackageTests::ProductTarget" /* FinanceKitPackageTests */,
				"FinanceKit::FinanceKitTests" /* FinanceKitTests */,
			);
		};
/* End PBXProject section */

/* Begin PBXShellScriptBuildPhase section */
		AA55AA75231ADE430073725E /* Swiftlint */ = {
			isa = PBXShellScriptBuildPhase;
			buildActionMask = 2147483647;
			files = (
			);
			inputFileListPaths = (
			);
			inputPaths = (
			);
			name = Swiftlint;
			outputFileListPaths = (
			);
			outputPaths = (
			);
			runOnlyForDeploymentPostprocessing = 0;
			shellPath = /bin/sh;
			shellScript = "if which swiftlint >/dev/null; then\n  swiftlint\nelse\n  echo \"warning: SwiftLint not installed, download from https://github.com/realm/SwiftLint\"\nfi\n";
		};
/* End PBXShellScriptBuildPhase section */

/* Begin PBXSourcesBuildPhase section */
		OBJ_136 /* Sources */ = {
			isa = PBXSourcesBuildPhase;
			buildActionMask = 0;
			files = (
				OBJ_137 /* Package.swift in Sources */,
			);
			runOnlyForDeploymentPostprocessing = 0;
		};
		OBJ_147 /* Sources */ = {
			isa = PBXSourcesBuildPhase;
			buildActionMask = 0;
			files = (
				OBJ_148 /* ChangeTests.swift in Sources */,
				AAE675442375BC3000BA5141 /* TransactionTests.swift in Sources */,
				OBJ_152 /* CurrencyTests.swift in Sources */,
				AA8474E52389CAF200B23520 /* DecimalDoubleValueTests.swift in Sources */,
				AA7DA6F32391DA7A00EF65F5 /* CurrencyCodeTests.swift in Sources */,
				OBJ_169 /* XCTestManifests.swift in Sources */,
				AA69851D2377351800D0683C /* SymbolTests.swift in Sources */,
			);
			runOnlyForDeploymentPostprocessing = 0;
		};
		OBJ_87 /* Sources */ = {
			isa = PBXSourcesBuildPhase;
			buildActionMask = 0;
			files = (
				OBJ_88 /* Change.swift in Sources */,
				OBJ_89 /* Company.swift in Sources */,
				OBJ_92 /* Currency.swift in Sources */,
				OBJ_109 /* Portfolio.swift in Sources */,
				OBJ_110 /* Price.swift in Sources */,
				OBJ_114 /* Stock.swift in Sources */,
				AAE677832392979A0053B303 /* Quantity.swift in Sources */,
				AA7DA6F12391DA4400EF65F5 /* CurrencyCode.swift in Sources */,
				OBJ_123 /* Symbol.swift in Sources */,
				AA69850C23760EFC00D0683C /* Decimal+DoubleValue.swift in Sources */,
				OBJ_126 /* Transaction.swift in Sources */,
			);
			runOnlyForDeploymentPostprocessing = 0;
		};
/* End PBXSourcesBuildPhase section */

/* Begin PBXTargetDependency section */
		OBJ_142 /* PBXTargetDependency */ = {
			isa = PBXTargetDependency;
			target = "FinanceKit::FinanceKitTests" /* FinanceKitTests */;
			targetProxy = AA55AA74231ADDE00073725E /* PBXContainerItemProxy */;
		};
		OBJ_172 /* PBXTargetDependency */ = {
			isa = PBXTargetDependency;
			target = "FinanceKit::FinanceKit" /* FinanceKit */;
			targetProxy = AA55AA73231ADDDE0073725E /* PBXContainerItemProxy */;
		};
/* End PBXTargetDependency section */

/* Begin XCBuildConfiguration section */
		OBJ_134 /* Debug */ = {
			isa = XCBuildConfiguration;
			buildSettings = {
				LD = /usr/bin/true;
				OTHER_SWIFT_FLAGS = "-swift-version 4 -I $(TOOLCHAIN_DIR)/usr/lib/swift/pm/4 -target x86_64-apple-macosx10.10 -sdk /Applications/Xcode.app/Contents/Developer/Platforms/MacOSX.platform/Developer/SDKs/MacOSX10.14.sdk";
				SWIFT_VERSION = 4.0;
			};
			name = Debug;
		};
		OBJ_135 /* Release */ = {
			isa = XCBuildConfiguration;
			buildSettings = {
				LD = /usr/bin/true;
				OTHER_SWIFT_FLAGS = "-swift-version 4 -I $(TOOLCHAIN_DIR)/usr/lib/swift/pm/4 -target x86_64-apple-macosx10.10 -sdk /Applications/Xcode.app/Contents/Developer/Platforms/MacOSX.platform/Developer/SDKs/MacOSX10.14.sdk";
				SWIFT_VERSION = 4.0;
			};
			name = Release;
		};
		OBJ_140 /* Debug */ = {
			isa = XCBuildConfiguration;
			buildSettings = {
			};
			name = Debug;
		};
		OBJ_141 /* Release */ = {
			isa = XCBuildConfiguration;
			buildSettings = {
			};
			name = Release;
		};
		OBJ_145 /* Debug */ = {
			isa = XCBuildConfiguration;
			buildSettings = {
				CLANG_ENABLE_MODULES = YES;
				EMBEDDED_CONTENT_CONTAINS_SWIFT = YES;
				FRAMEWORK_SEARCH_PATHS = (
					"$(inherited)",
					"$(PLATFORM_DIR)/Developer/Library/Frameworks",
				);
				HEADER_SEARCH_PATHS = "$(inherited)";
				INFOPLIST_FILE = FinanceKit.xcodeproj/FinanceKitTests_Info.plist;
				LD_RUNPATH_SEARCH_PATHS = (
					"$(inherited)",
					"@loader_path/../Frameworks",
					"@loader_path/Frameworks",
				);
				OTHER_CFLAGS = "$(inherited)";
				OTHER_LDFLAGS = "$(inherited)";
				OTHER_SWIFT_FLAGS = "$(inherited)";
				SWIFT_ACTIVE_COMPILATION_CONDITIONS = "$(inherited)";
				SWIFT_VERSION = 4.0;
				TARGET_NAME = FinanceKitTests;
			};
			name = Debug;
		};
		OBJ_146 /* Release */ = {
			isa = XCBuildConfiguration;
			buildSettings = {
				CLANG_ENABLE_MODULES = YES;
				EMBEDDED_CONTENT_CONTAINS_SWIFT = YES;
				FRAMEWORK_SEARCH_PATHS = (
					"$(inherited)",
					"$(PLATFORM_DIR)/Developer/Library/Frameworks",
				);
				HEADER_SEARCH_PATHS = "$(inherited)";
				INFOPLIST_FILE = FinanceKit.xcodeproj/FinanceKitTests_Info.plist;
				LD_RUNPATH_SEARCH_PATHS = (
					"$(inherited)",
					"@loader_path/../Frameworks",
					"@loader_path/Frameworks",
				);
				OTHER_CFLAGS = "$(inherited)";
				OTHER_LDFLAGS = "$(inherited)";
				OTHER_SWIFT_FLAGS = "$(inherited)";
				SWIFT_ACTIVE_COMPILATION_CONDITIONS = "$(inherited)";
				SWIFT_VERSION = 4.0;
				TARGET_NAME = FinanceKitTests;
			};
			name = Release;
		};
		OBJ_3 /* Debug */ = {
			isa = XCBuildConfiguration;
			buildSettings = {
				CLANG_ENABLE_OBJC_ARC = YES;
				COMBINE_HIDPI_IMAGES = YES;
				COPY_PHASE_STRIP = NO;
				DEBUG_INFORMATION_FORMAT = dwarf;
				DYLIB_INSTALL_NAME_BASE = "@rpath";
				ENABLE_NS_ASSERTIONS = YES;
				GCC_OPTIMIZATION_LEVEL = 0;
				GCC_PREPROCESSOR_DEFINITIONS = (
					"$(inherited)",
					"SWIFT_PACKAGE=1",
					"DEBUG=1",
				);
				MACOSX_DEPLOYMENT_TARGET = 10.10;
				ONLY_ACTIVE_ARCH = YES;
				OTHER_SWIFT_FLAGS = "-DXcode";
				PRODUCT_NAME = "$(TARGET_NAME)";
				SDKROOT = macosx;
				SUPPORTED_PLATFORMS = "macosx iphoneos iphonesimulator appletvos appletvsimulator watchos watchsimulator";
				SWIFT_ACTIVE_COMPILATION_CONDITIONS = "$(inherited) SWIFT_PACKAGE DEBUG";
				SWIFT_OPTIMIZATION_LEVEL = "-Onone";
				USE_HEADERMAP = NO;
			};
			name = Debug;
		};
		OBJ_4 /* Release */ = {
			isa = XCBuildConfiguration;
			buildSettings = {
				CLANG_ENABLE_OBJC_ARC = YES;
				COMBINE_HIDPI_IMAGES = YES;
				COPY_PHASE_STRIP = YES;
				DEBUG_INFORMATION_FORMAT = "dwarf-with-dsym";
				DYLIB_INSTALL_NAME_BASE = "@rpath";
				GCC_OPTIMIZATION_LEVEL = s;
				GCC_PREPROCESSOR_DEFINITIONS = (
					"$(inherited)",
					"SWIFT_PACKAGE=1",
				);
				MACOSX_DEPLOYMENT_TARGET = 10.10;
				OTHER_SWIFT_FLAGS = "-DXcode";
				PRODUCT_NAME = "$(TARGET_NAME)";
				SDKROOT = macosx;
				SUPPORTED_PLATFORMS = "macosx iphoneos iphonesimulator appletvos appletvsimulator watchos watchsimulator";
				SWIFT_ACTIVE_COMPILATION_CONDITIONS = "$(inherited) SWIFT_PACKAGE";
				SWIFT_COMPILATION_MODE = wholemodule;
				SWIFT_OPTIMIZATION_LEVEL = "-O";
				USE_HEADERMAP = NO;
			};
			name = Release;
		};
		OBJ_85 /* Debug */ = {
			isa = XCBuildConfiguration;
			buildSettings = {
				ENABLE_TESTABILITY = YES;
				FRAMEWORK_SEARCH_PATHS = (
					"$(inherited)",
					"$(PLATFORM_DIR)/Developer/Library/Frameworks",
				);
				HEADER_SEARCH_PATHS = "$(inherited)";
				INFOPLIST_FILE = FinanceKit.xcodeproj/FinanceKit_Info.plist;
				LD_RUNPATH_SEARCH_PATHS = (
					"$(inherited)",
					"$(TOOLCHAIN_DIR)/usr/lib/swift/macosx",
				);
				OTHER_CFLAGS = "$(inherited)";
				OTHER_LDFLAGS = "$(inherited)";
				OTHER_SWIFT_FLAGS = "$(inherited)";
				PRODUCT_BUNDLE_IDENTIFIER = FinanceKit;
				PRODUCT_MODULE_NAME = "$(TARGET_NAME:c99extidentifier)";
				PRODUCT_NAME = "$(TARGET_NAME:c99extidentifier)";
				SKIP_INSTALL = YES;
				SWIFT_ACTIVE_COMPILATION_CONDITIONS = "$(inherited)";
				SWIFT_VERSION = 4.0;
				TARGET_NAME = FinanceKit;
			};
			name = Debug;
		};
		OBJ_86 /* Release */ = {
			isa = XCBuildConfiguration;
			buildSettings = {
				ENABLE_TESTABILITY = YES;
				FRAMEWORK_SEARCH_PATHS = (
					"$(inherited)",
					"$(PLATFORM_DIR)/Developer/Library/Frameworks",
				);
				HEADER_SEARCH_PATHS = "$(inherited)";
				INFOPLIST_FILE = FinanceKit.xcodeproj/FinanceKit_Info.plist;
				LD_RUNPATH_SEARCH_PATHS = (
					"$(inherited)",
					"$(TOOLCHAIN_DIR)/usr/lib/swift/macosx",
				);
				OTHER_CFLAGS = "$(inherited)";
				OTHER_LDFLAGS = "$(inherited)";
				OTHER_SWIFT_FLAGS = "$(inherited)";
				PRODUCT_BUNDLE_IDENTIFIER = FinanceKit;
				PRODUCT_MODULE_NAME = "$(TARGET_NAME:c99extidentifier)";
				PRODUCT_NAME = "$(TARGET_NAME:c99extidentifier)";
				SKIP_INSTALL = YES;
				SWIFT_ACTIVE_COMPILATION_CONDITIONS = "$(inherited)";
				SWIFT_VERSION = 4.0;
				TARGET_NAME = FinanceKit;
			};
			name = Release;
		};
/* End XCBuildConfiguration section */

/* Begin XCConfigurationList section */
		OBJ_133 /* Build configuration list for PBXNativeTarget "FinanceKitPackageDescription" */ = {
			isa = XCConfigurationList;
			buildConfigurations = (
				OBJ_134 /* Debug */,
				OBJ_135 /* Release */,
			);
			defaultConfigurationIsVisible = 0;
			defaultConfigurationName = Release;
		};
		OBJ_139 /* Build configuration list for PBXAggregateTarget "FinanceKitPackageTests" */ = {
			isa = XCConfigurationList;
			buildConfigurations = (
				OBJ_140 /* Debug */,
				OBJ_141 /* Release */,
			);
			defaultConfigurationIsVisible = 0;
			defaultConfigurationName = Release;
		};
		OBJ_144 /* Build configuration list for PBXNativeTarget "FinanceKitTests" */ = {
			isa = XCConfigurationList;
			buildConfigurations = (
				OBJ_145 /* Debug */,
				OBJ_146 /* Release */,
			);
			defaultConfigurationIsVisible = 0;
			defaultConfigurationName = Release;
		};
		OBJ_2 /* Build configuration list for PBXProject "FinanceKit" */ = {
			isa = XCConfigurationList;
			buildConfigurations = (
				OBJ_3 /* Debug */,
				OBJ_4 /* Release */,
			);
			defaultConfigurationIsVisible = 0;
			defaultConfigurationName = Release;
		};
		OBJ_84 /* Build configuration list for PBXNativeTarget "FinanceKit" */ = {
			isa = XCConfigurationList;
			buildConfigurations = (
				OBJ_85 /* Debug */,
				OBJ_86 /* Release */,
			);
			defaultConfigurationIsVisible = 0;
			defaultConfigurationName = Release;
		};
/* End XCConfigurationList section */
	};
	rootObject = OBJ_1 /* Project object */;
}
