// !$*UTF8*$!
{
	archiveVersion = 1;
	classes = {
	};
	objectVersion = 52;
	objects = {

/* Begin PBXAggregateTarget section */
		"FinanceKit::FinanceKitPackageTests::ProductTarget" /* FinanceKitPackageTests */ = {
			isa = PBXAggregateTarget;
			buildConfigurationList = OBJ_139 /* Build configuration list for PBXAggregateTarget "FinanceKitPackageTests" */;
			buildPhases = (
			);
			dependencies = (
				OBJ_142 /* PBXTargetDependency */,
			);
			name = FinanceKitPackageTests;
			productName = FinanceKitPackageTests;
		};
/* End PBXAggregateTarget section */

/* Begin PBXBuildFile section */
		AA06F78523D9EEBB001FFAE9 /* CurrencyPair.swift in Sources */ = {isa = PBXBuildFile; fileRef = AA06F78423D9EEBB001FFAE9 /* CurrencyPair.swift */; };
		AA06F78723D9F06A001FFAE9 /* CurrencyPairTests.swift in Sources */ = {isa = PBXBuildFile; fileRef = AA06F78623D9F06A001FFAE9 /* CurrencyPairTests.swift */; };
		AA06F78B23D9F987001FFAE9 /* CompanyTests.swift in Sources */ = {isa = PBXBuildFile; fileRef = AA06F78A23D9F987001FFAE9 /* CompanyTests.swift */; };
		AA120019246C44A700C1FFCA /* DividendTests.swift in Sources */ = {isa = PBXBuildFile; fileRef = AA339E7A24030574005D5CA8 /* DividendTests.swift */; };
		AA12001C246C5D7800C1FFCA /* StockTests.swift in Sources */ = {isa = PBXBuildFile; fileRef = AAB7B1C1243E154000BD450F /* StockTests.swift */; };
		AA12001E246C6AEE00C1FFCA /* CurrencyConverter.swift in Sources */ = {isa = PBXBuildFile; fileRef = AA12001D246C6AEE00C1FFCA /* CurrencyConverter.swift */; };
		AA120020246C6FD000C1FFCA /* CurrencyConverterTests.swift in Sources */ = {isa = PBXBuildFile; fileRef = AA12001F246C6FD000C1FFCA /* CurrencyConverterTests.swift */; };
		AA120021246C7A2500C1FFCA /* CurrencyFormatterTests.swift in Sources */ = {isa = PBXBuildFile; fileRef = AA339E7F24030574005D5CA8 /* CurrencyFormatterTests.swift */; };
		AA120023246C7C5800C1FFCA /* PercentageTests.swift in Sources */ = {isa = PBXBuildFile; fileRef = AA120022246C7C5800C1FFCA /* PercentageTests.swift */; };
		AA2721A4244E196D00BEB19D /* ChangePeriod.swift in Sources */ = {isa = PBXBuildFile; fileRef = AA2721A3244E196D00BEB19D /* ChangePeriod.swift */; };
		AA2721A6244E199C00BEB19D /* Date+Ranges.swift in Sources */ = {isa = PBXBuildFile; fileRef = AA2721A5244E199C00BEB19D /* Date+Ranges.swift */; };
		AA2721A7244E2A0B00BEB19D /* MoneyTests.swift in Sources */ = {isa = PBXBuildFile; fileRef = AAB7B1C0243E154000BD450F /* MoneyTests.swift */; };
		AA2721AA244E383500BEB19D /* Percentage.swift in Sources */ = {isa = PBXBuildFile; fileRef = AA2721A9244E383500BEB19D /* Percentage.swift */; };
		AA2721AC244E390100BEB19D /* CurrencyFormatter.swift in Sources */ = {isa = PBXBuildFile; fileRef = AA2721AB244E390100BEB19D /* CurrencyFormatter.swift */; };
		AA2721AE244E3B6C00BEB19D /* PercentageFormatterTests.swift in Sources */ = {isa = PBXBuildFile; fileRef = AA2721AD244E3B6C00BEB19D /* PercentageFormatterTests.swift */; };
		AA2721AF244E4E7000BEB19D /* PortfolioTests.swift in Sources */ = {isa = PBXBuildFile; fileRef = AA06F78823D9F83F001FFAE9 /* PortfolioTests.swift */; };
		AA2721B1244E511300BEB19D /* Decimal+Rounded.swift in Sources */ = {isa = PBXBuildFile; fileRef = AA2721B0244E511300BEB19D /* Decimal+Rounded.swift */; };
		AA339E662403056C005D5CA8 /* PriceTarget.swift in Sources */ = {isa = PBXBuildFile; fileRef = AA339E532403056B005D5CA8 /* PriceTarget.swift */; };
		AA339E682403056C005D5CA8 /* Amount.swift in Sources */ = {isa = PBXBuildFile; fileRef = AA339E552403056B005D5CA8 /* Amount.swift */; };
		AA339E6A2403056D005D5CA8 /* PercentageFormatter.swift in Sources */ = {isa = PBXBuildFile; fileRef = AA339E572403056C005D5CA8 /* PercentageFormatter.swift */; };
		AA339E772403056D005D5CA8 /* Numerics+Total+Average.swift in Sources */ = {isa = PBXBuildFile; fileRef = AA339E642403056C005D5CA8 /* Numerics+Total+Average.swift */; };
		AA339E782403056D005D5CA8 /* Asset.swift in Sources */ = {isa = PBXBuildFile; fileRef = AA339E652403056C005D5CA8 /* Asset.swift */; };
		AA5A85E32464BDB80094510B /* NumberFormatter+Currency.swift in Sources */ = {isa = PBXBuildFile; fileRef = AA5A85E22464BDB80094510B /* NumberFormatter+Currency.swift */; };
		AA5A85E52464BDD70094510B /* NumberFormatter+CurrencyTests.swift in Sources */ = {isa = PBXBuildFile; fileRef = AA5A85E42464BDD70094510B /* NumberFormatter+CurrencyTests.swift */; };
		AA6835C52455E5A700DF1A08 /* Dividend.swift in Sources */ = {isa = PBXBuildFile; fileRef = AA6835C42455E5A700DF1A08 /* Dividend.swift */; };
		AA6835C8245615C400DF1A08 /* PerformanceCalculatorTests.swift in Sources */ = {isa = PBXBuildFile; fileRef = AA6835C7245615C400DF1A08 /* PerformanceCalculatorTests.swift */; };
		AA6835C92456181A00DF1A08 /* PerformanceCalculator.swift in Sources */ = {isa = PBXBuildFile; fileRef = AAB7B1B1243E153300BD450F /* PerformanceCalculator.swift */; };
		AA6835CB2456210100DF1A08 /* Date+Comparison.swift in Sources */ = {isa = PBXBuildFile; fileRef = AA6835CA2456210100DF1A08 /* Date+Comparison.swift */; };
		AA6835CD2456214000DF1A08 /* Date+ComparisonTests.swift in Sources */ = {isa = PBXBuildFile; fileRef = AA6835CC2456214000DF1A08 /* Date+ComparisonTests.swift */; };
		AA69850C23760EFC00D0683C /* Decimal+DoubleValue.swift in Sources */ = {isa = PBXBuildFile; fileRef = AA69850823760EFC00D0683C /* Decimal+DoubleValue.swift */; };
		AA69851D2377351800D0683C /* SymbolTests.swift in Sources */ = {isa = PBXBuildFile; fileRef = AA69851C2377351800D0683C /* SymbolTests.swift */; };
		AA6C248424ACCD5800056AAA /* ExchangeRate.swift in Sources */ = {isa = PBXBuildFile; fileRef = AA6C248324ACCD5800056AAA /* ExchangeRate.swift */; };
		AA7A62B123E5D3F20094DC2B /* Exchange.swift in Sources */ = {isa = PBXBuildFile; fileRef = AA7A62B023E5D3F20094DC2B /* Exchange.swift */; };
		AA7DA6F12391DA4400EF65F5 /* CurrencyCode.swift in Sources */ = {isa = PBXBuildFile; fileRef = AA7DA6F02391DA4400EF65F5 /* CurrencyCode.swift */; };
		AA8474E52389CAF200B23520 /* DecimalDoubleValueTests.swift in Sources */ = {isa = PBXBuildFile; fileRef = AA8474E42389CAF200B23520 /* DecimalDoubleValueTests.swift */; };
		AAA96F6C2451FB10008524AC /* TestData.swift in Sources */ = {isa = PBXBuildFile; fileRef = AAA96F6A2451FB04008524AC /* TestData.swift */; };
		AAA96F7024521588008524AC /* ExchangeTests.swift in Sources */ = {isa = PBXBuildFile; fileRef = AAA96F6F24521588008524AC /* ExchangeTests.swift */; };
		AAA96F722452162A008524AC /* PriceTargetTests.swift in Sources */ = {isa = PBXBuildFile; fileRef = AAA96F712452162A008524AC /* PriceTargetTests.swift */; };
		AAA96F74245216ED008524AC /* Numerics+Total+AverageTests.swift in Sources */ = {isa = PBXBuildFile; fileRef = AAA96F73245216ED008524AC /* Numerics+Total+AverageTests.swift */; };
		AAAD1FDF26314C1F00E797AF /* ComparableToZero.swift in Sources */ = {isa = PBXBuildFile; fileRef = AAAD1FDE26314C1F00E797AF /* ComparableToZero.swift */; };
		AAB7B1BB243E153400BD450F /* HistoricalPrice.swift in Sources */ = {isa = PBXBuildFile; fileRef = AAB7B1B4243E153300BD450F /* HistoricalPrice.swift */; };
		AAB7B1BE243E153400BD450F /* Money.swift in Sources */ = {isa = PBXBuildFile; fileRef = AAB7B1B7243E153300BD450F /* Money.swift */; };
		AACA05E32725150000CBF668 /* AssetAllocation.swift in Sources */ = {isa = PBXBuildFile; fileRef = AACA05E22725150000CBF668 /* AssetAllocation.swift */; };
		AACA05E52725151900CBF668 /* AssetAllocationTests.swift in Sources */ = {isa = PBXBuildFile; fileRef = AACA05E42725151900CBF668 /* AssetAllocationTests.swift */; };
		AAE675442375BC3000BA5141 /* TransactionTests.swift in Sources */ = {isa = PBXBuildFile; fileRef = AAE675432375BC3000BA5141 /* TransactionTests.swift */; };
		AAE677832392979A0053B303 /* Quantity.swift in Sources */ = {isa = PBXBuildFile; fileRef = AAE677822392979A0053B303 /* Quantity.swift */; };
		AAE6778C239298550053B303 /* Holding.swift in Sources */ = {isa = PBXBuildFile; fileRef = AAE67784239298550053B303 /* Holding.swift */; };
		AAFA769323D994B70087A82D /* HoldingTests.swift in Sources */ = {isa = PBXBuildFile; fileRef = AAFA769223D994B70087A82D /* HoldingTests.swift */; };
		OBJ_109 /* Portfolio.swift in Sources */ = {isa = PBXBuildFile; fileRef = OBJ_30 /* Portfolio.swift */; };
		OBJ_110 /* Price.swift in Sources */ = {isa = PBXBuildFile; fileRef = OBJ_31 /* Price.swift */; };
		OBJ_114 /* Stock.swift in Sources */ = {isa = PBXBuildFile; fileRef = OBJ_35 /* Stock.swift */; };
		OBJ_123 /* Symbol.swift in Sources */ = {isa = PBXBuildFile; fileRef = OBJ_44 /* Symbol.swift */; };
		OBJ_126 /* Transaction.swift in Sources */ = {isa = PBXBuildFile; fileRef = OBJ_47 /* Transaction.swift */; };
		OBJ_137 /* Package.swift in Sources */ = {isa = PBXBuildFile; fileRef = OBJ_6 /* Package.swift */; };
		OBJ_148 /* ChangeTests.swift in Sources */ = {isa = PBXBuildFile; fileRef = OBJ_54 /* ChangeTests.swift */; };
		OBJ_152 /* CurrencyTests.swift in Sources */ = {isa = PBXBuildFile; fileRef = OBJ_58 /* CurrencyTests.swift */; };
		OBJ_171 /* FinanceKit.framework in Frameworks */ = {isa = PBXBuildFile; fileRef = "FinanceKit::FinanceKit::Product" /* FinanceKit.framework */; };
		OBJ_88 /* Change.swift in Sources */ = {isa = PBXBuildFile; fileRef = OBJ_9 /* Change.swift */; };
		OBJ_89 /* Company.swift in Sources */ = {isa = PBXBuildFile; fileRef = OBJ_10 /* Company.swift */; };
		OBJ_92 /* Currency.swift in Sources */ = {isa = PBXBuildFile; fileRef = OBJ_13 /* Currency.swift */; };
/* End PBXBuildFile section */

/* Begin PBXContainerItemProxy section */
		AA55AA73231ADDDE0073725E /* PBXContainerItemProxy */ = {
			isa = PBXContainerItemProxy;
			containerPortal = OBJ_1 /* Project object */;
			proxyType = 1;
			remoteGlobalIDString = "FinanceKit::FinanceKit";
			remoteInfo = FinanceKit;
		};
		AA55AA74231ADDE00073725E /* PBXContainerItemProxy */ = {
			isa = PBXContainerItemProxy;
			containerPortal = OBJ_1 /* Project object */;
			proxyType = 1;
			remoteGlobalIDString = "FinanceKit::FinanceKitTests";
			remoteInfo = FinanceKitTests;
		};
/* End PBXContainerItemProxy section */

/* Begin PBXFileReference section */
		AA06F78423D9EEBB001FFAE9 /* CurrencyPair.swift */ = {isa = PBXFileReference; lastKnownFileType = sourcecode.swift; path = CurrencyPair.swift; sourceTree = "<group>"; };
		AA06F78623D9F06A001FFAE9 /* CurrencyPairTests.swift */ = {isa = PBXFileReference; lastKnownFileType = sourcecode.swift; path = CurrencyPairTests.swift; sourceTree = "<group>"; };
		AA06F78823D9F83F001FFAE9 /* PortfolioTests.swift */ = {isa = PBXFileReference; lastKnownFileType = sourcecode.swift; path = PortfolioTests.swift; sourceTree = "<group>"; };
		AA06F78A23D9F987001FFAE9 /* CompanyTests.swift */ = {isa = PBXFileReference; lastKnownFileType = sourcecode.swift; path = CompanyTests.swift; sourceTree = "<group>"; };
		AA12001D246C6AEE00C1FFCA /* CurrencyConverter.swift */ = {isa = PBXFileReference; lastKnownFileType = sourcecode.swift; path = CurrencyConverter.swift; sourceTree = "<group>"; };
		AA12001F246C6FD000C1FFCA /* CurrencyConverterTests.swift */ = {isa = PBXFileReference; lastKnownFileType = sourcecode.swift; path = CurrencyConverterTests.swift; sourceTree = "<group>"; };
		AA120022246C7C5800C1FFCA /* PercentageTests.swift */ = {isa = PBXFileReference; lastKnownFileType = sourcecode.swift; path = PercentageTests.swift; sourceTree = "<group>"; };
		AA2721A3244E196D00BEB19D /* ChangePeriod.swift */ = {isa = PBXFileReference; fileEncoding = 4; lastKnownFileType = sourcecode.swift; path = ChangePeriod.swift; sourceTree = "<group>"; };
		AA2721A5244E199C00BEB19D /* Date+Ranges.swift */ = {isa = PBXFileReference; lastKnownFileType = sourcecode.swift; path = "Date+Ranges.swift"; sourceTree = "<group>"; };
		AA2721A9244E383500BEB19D /* Percentage.swift */ = {isa = PBXFileReference; lastKnownFileType = sourcecode.swift; path = Percentage.swift; sourceTree = "<group>"; };
		AA2721AB244E390100BEB19D /* CurrencyFormatter.swift */ = {isa = PBXFileReference; lastKnownFileType = sourcecode.swift; path = CurrencyFormatter.swift; sourceTree = "<group>"; };
		AA2721AD244E3B6C00BEB19D /* PercentageFormatterTests.swift */ = {isa = PBXFileReference; lastKnownFileType = sourcecode.swift; path = PercentageFormatterTests.swift; sourceTree = "<group>"; };
		AA2721B0244E511300BEB19D /* Decimal+Rounded.swift */ = {isa = PBXFileReference; lastKnownFileType = sourcecode.swift; path = "Decimal+Rounded.swift"; sourceTree = "<group>"; };
		AA339E532403056B005D5CA8 /* PriceTarget.swift */ = {isa = PBXFileReference; fileEncoding = 4; lastKnownFileType = sourcecode.swift; path = PriceTarget.swift; sourceTree = "<group>"; };
		AA339E552403056B005D5CA8 /* Amount.swift */ = {isa = PBXFileReference; fileEncoding = 4; lastKnownFileType = sourcecode.swift; path = Amount.swift; sourceTree = "<group>"; };
		AA339E572403056C005D5CA8 /* PercentageFormatter.swift */ = {isa = PBXFileReference; fileEncoding = 4; lastKnownFileType = sourcecode.swift; path = PercentageFormatter.swift; sourceTree = "<group>"; };
		AA339E642403056C005D5CA8 /* Numerics+Total+Average.swift */ = {isa = PBXFileReference; fileEncoding = 4; lastKnownFileType = sourcecode.swift; path = "Numerics+Total+Average.swift"; sourceTree = "<group>"; };
		AA339E652403056C005D5CA8 /* Asset.swift */ = {isa = PBXFileReference; fileEncoding = 4; lastKnownFileType = sourcecode.swift; path = Asset.swift; sourceTree = "<group>"; };
		AA339E7A24030574005D5CA8 /* DividendTests.swift */ = {isa = PBXFileReference; fileEncoding = 4; lastKnownFileType = sourcecode.swift; path = DividendTests.swift; sourceTree = "<group>"; };
		AA339E7F24030574005D5CA8 /* CurrencyFormatterTests.swift */ = {isa = PBXFileReference; fileEncoding = 4; lastKnownFileType = sourcecode.swift; path = CurrencyFormatterTests.swift; sourceTree = "<group>"; };
		AA5A85E22464BDB80094510B /* NumberFormatter+Currency.swift */ = {isa = PBXFileReference; lastKnownFileType = sourcecode.swift; path = "NumberFormatter+Currency.swift"; sourceTree = "<group>"; };
		AA5A85E42464BDD70094510B /* NumberFormatter+CurrencyTests.swift */ = {isa = PBXFileReference; lastKnownFileType = sourcecode.swift; path = "NumberFormatter+CurrencyTests.swift"; sourceTree = "<group>"; };
		AA6835C42455E5A700DF1A08 /* Dividend.swift */ = {isa = PBXFileReference; fileEncoding = 4; lastKnownFileType = sourcecode.swift; path = Dividend.swift; sourceTree = "<group>"; };
		AA6835C7245615C400DF1A08 /* PerformanceCalculatorTests.swift */ = {isa = PBXFileReference; lastKnownFileType = sourcecode.swift; path = PerformanceCalculatorTests.swift; sourceTree = "<group>"; };
		AA6835CA2456210100DF1A08 /* Date+Comparison.swift */ = {isa = PBXFileReference; lastKnownFileType = sourcecode.swift; path = "Date+Comparison.swift"; sourceTree = "<group>"; };
		AA6835CC2456214000DF1A08 /* Date+ComparisonTests.swift */ = {isa = PBXFileReference; lastKnownFileType = sourcecode.swift; path = "Date+ComparisonTests.swift"; sourceTree = "<group>"; };
		AA69850523760EF000D0683C /* FinanceKit.xctestplan */ = {isa = PBXFileReference; fileEncoding = 4; lastKnownFileType = text; path = FinanceKit.xctestplan; sourceTree = "<group>"; };
		AA69850823760EFC00D0683C /* Decimal+DoubleValue.swift */ = {isa = PBXFileReference; fileEncoding = 4; lastKnownFileType = sourcecode.swift; path = "Decimal+DoubleValue.swift"; sourceTree = "<group>"; };
		AA69851C2377351800D0683C /* SymbolTests.swift */ = {isa = PBXFileReference; fileEncoding = 4; lastKnownFileType = sourcecode.swift; path = SymbolTests.swift; sourceTree = "<group>"; };
		AA6C248324ACCD5800056AAA /* ExchangeRate.swift */ = {isa = PBXFileReference; lastKnownFileType = sourcecode.swift; path = ExchangeRate.swift; sourceTree = "<group>"; };
		AA7A62B023E5D3F20094DC2B /* Exchange.swift */ = {isa = PBXFileReference; fileEncoding = 4; lastKnownFileType = sourcecode.swift; path = Exchange.swift; sourceTree = "<group>"; };
		AA7DA6F02391DA4400EF65F5 /* CurrencyCode.swift */ = {isa = PBXFileReference; lastKnownFileType = sourcecode.swift; path = CurrencyCode.swift; sourceTree = "<group>"; };
		AA8474E42389CAF200B23520 /* DecimalDoubleValueTests.swift */ = {isa = PBXFileReference; lastKnownFileType = sourcecode.swift; path = DecimalDoubleValueTests.swift; sourceTree = "<group>"; };
		AAA96F6A2451FB04008524AC /* TestData.swift */ = {isa = PBXFileReference; lastKnownFileType = sourcecode.swift; path = TestData.swift; sourceTree = "<group>"; };
		AAA96F6F24521588008524AC /* ExchangeTests.swift */ = {isa = PBXFileReference; lastKnownFileType = sourcecode.swift; path = ExchangeTests.swift; sourceTree = "<group>"; };
		AAA96F712452162A008524AC /* PriceTargetTests.swift */ = {isa = PBXFileReference; lastKnownFileType = sourcecode.swift; path = PriceTargetTests.swift; sourceTree = "<group>"; };
		AAA96F73245216ED008524AC /* Numerics+Total+AverageTests.swift */ = {isa = PBXFileReference; lastKnownFileType = sourcecode.swift; path = "Numerics+Total+AverageTests.swift"; sourceTree = "<group>"; };
		AAAD1FDE26314C1F00E797AF /* ComparableToZero.swift */ = {isa = PBXFileReference; fileEncoding = 4; lastKnownFileType = sourcecode.swift; path = ComparableToZero.swift; sourceTree = "<group>"; };
		AAB7B1B1243E153300BD450F /* PerformanceCalculator.swift */ = {isa = PBXFileReference; fileEncoding = 4; lastKnownFileType = sourcecode.swift; path = PerformanceCalculator.swift; sourceTree = "<group>"; };
		AAB7B1B4243E153300BD450F /* HistoricalPrice.swift */ = {isa = PBXFileReference; fileEncoding = 4; lastKnownFileType = sourcecode.swift; path = HistoricalPrice.swift; sourceTree = "<group>"; };
		AAB7B1B7243E153300BD450F /* Money.swift */ = {isa = PBXFileReference; fileEncoding = 4; lastKnownFileType = sourcecode.swift; path = Money.swift; sourceTree = "<group>"; };
		AAB7B1C0243E154000BD450F /* MoneyTests.swift */ = {isa = PBXFileReference; fileEncoding = 4; lastKnownFileType = sourcecode.swift; path = MoneyTests.swift; sourceTree = "<group>"; };
		AAB7B1C1243E154000BD450F /* StockTests.swift */ = {isa = PBXFileReference; fileEncoding = 4; lastKnownFileType = sourcecode.swift; path = StockTests.swift; sourceTree = "<group>"; };
		AACA05E22725150000CBF668 /* AssetAllocation.swift */ = {isa = PBXFileReference; lastKnownFileType = sourcecode.swift; path = AssetAllocation.swift; sourceTree = "<group>"; };
		AACA05E42725151900CBF668 /* AssetAllocationTests.swift */ = {isa = PBXFileReference; lastKnownFileType = sourcecode.swift; path = AssetAllocationTests.swift; sourceTree = "<group>"; };
		AAE675432375BC3000BA5141 /* TransactionTests.swift */ = {isa = PBXFileReference; lastKnownFileType = sourcecode.swift; name = TransactionTests.swift; path = Tests/FinanceKitTests/TransactionTests.swift; sourceTree = SOURCE_ROOT; };
		AAE677822392979A0053B303 /* Quantity.swift */ = {isa = PBXFileReference; fileEncoding = 4; lastKnownFileType = sourcecode.swift; path = Quantity.swift; sourceTree = "<group>"; };
		AAE67784239298550053B303 /* Holding.swift */ = {isa = PBXFileReference; fileEncoding = 4; lastKnownFileType = sourcecode.swift; path = Holding.swift; sourceTree = "<group>"; };
		AAFA769223D994B70087A82D /* HoldingTests.swift */ = {isa = PBXFileReference; lastKnownFileType = sourcecode.swift; path = HoldingTests.swift; sourceTree = "<group>"; };
		"FinanceKit::FinanceKit::Product" /* FinanceKit.framework */ = {isa = PBXFileReference; explicitFileType = wrapper.framework; path = FinanceKit.framework; sourceTree = BUILT_PRODUCTS_DIR; };
		"FinanceKit::FinanceKitTests::Product" /* FinanceKitTests.xctest */ = {isa = PBXFileReference; lastKnownFileType = file; path = FinanceKitTests.xctest; sourceTree = BUILT_PRODUCTS_DIR; };
		OBJ_10 /* Company.swift */ = {isa = PBXFileReference; lastKnownFileType = sourcecode.swift; path = Company.swift; sourceTree = "<group>"; };
		OBJ_13 /* Currency.swift */ = {isa = PBXFileReference; lastKnownFileType = sourcecode.swift; path = Currency.swift; sourceTree = "<group>"; };
		OBJ_30 /* Portfolio.swift */ = {isa = PBXFileReference; lastKnownFileType = sourcecode.swift; path = Portfolio.swift; sourceTree = "<group>"; };
		OBJ_31 /* Price.swift */ = {isa = PBXFileReference; lastKnownFileType = sourcecode.swift; path = Price.swift; sourceTree = "<group>"; };
		OBJ_35 /* Stock.swift */ = {isa = PBXFileReference; lastKnownFileType = sourcecode.swift; path = Stock.swift; sourceTree = "<group>"; };
		OBJ_44 /* Symbol.swift */ = {isa = PBXFileReference; lastKnownFileType = sourcecode.swift; path = Symbol.swift; sourceTree = "<group>"; };
		OBJ_47 /* Transaction.swift */ = {isa = PBXFileReference; lastKnownFileType = sourcecode.swift; path = Transaction.swift; sourceTree = "<group>"; };
		OBJ_54 /* ChangeTests.swift */ = {isa = PBXFileReference; lastKnownFileType = sourcecode.swift; path = ChangeTests.swift; sourceTree = "<group>"; };
		OBJ_58 /* CurrencyTests.swift */ = {isa = PBXFileReference; lastKnownFileType = sourcecode.swift; path = CurrencyTests.swift; sourceTree = "<group>"; };
		OBJ_6 /* Package.swift */ = {isa = PBXFileReference; explicitFileType = sourcecode.swift; path = Package.swift; sourceTree = "<group>"; };
		OBJ_81 /* LICENSE */ = {isa = PBXFileReference; lastKnownFileType = text; path = LICENSE; sourceTree = "<group>"; };
		OBJ_82 /* README.md */ = {isa = PBXFileReference; lastKnownFileType = net.daringfireball.markdown; path = README.md; sourceTree = "<group>"; };
		OBJ_9 /* Change.swift */ = {isa = PBXFileReference; lastKnownFileType = sourcecode.swift; path = Change.swift; sourceTree = "<group>"; };
/* End PBXFileReference section */

/* Begin PBXFrameworksBuildPhase section */
		OBJ_131 /* Frameworks */ = {
			isa = PBXFrameworksBuildPhase;
			buildActionMask = 0;
			files = (
			);
			runOnlyForDeploymentPostprocessing = 0;
		};
		OBJ_170 /* Frameworks */ = {
			isa = PBXFrameworksBuildPhase;
			buildActionMask = 0;
			files = (
				OBJ_171 /* FinanceKit.framework in Frameworks */,
			);
			runOnlyForDeploymentPostprocessing = 0;
		};
/* End PBXFrameworksBuildPhase section */

/* Begin PBXGroup section */
		OBJ_5 = {
			isa = PBXGroup;
			children = (
				OBJ_6 /* Package.swift */,
				OBJ_7 /* Sources */,
				OBJ_52 /* Tests */,
				OBJ_76 /* Products */,
				OBJ_81 /* LICENSE */,
				OBJ_82 /* README.md */,
			);
			sourceTree = "<group>";
		};
		OBJ_52 /* Tests */ = {
			isa = PBXGroup;
			children = (
				AA69850523760EF000D0683C /* FinanceKit.xctestplan */,
				OBJ_53 /* FinanceKitTests */,
			);
			name = Tests;
			sourceTree = SOURCE_ROOT;
		};
		OBJ_53 /* FinanceKitTests */ = {
			isa = PBXGroup;
			children = (
				AACA05E42725151900CBF668 /* AssetAllocationTests.swift */,
				OBJ_54 /* ChangeTests.swift */,
				AA06F78A23D9F987001FFAE9 /* CompanyTests.swift */,
				AA12001F246C6FD000C1FFCA /* CurrencyConverterTests.swift */,
				AA339E7F24030574005D5CA8 /* CurrencyFormatterTests.swift */,
				AA06F78623D9F06A001FFAE9 /* CurrencyPairTests.swift */,
				OBJ_58 /* CurrencyTests.swift */,
				AA6835CC2456214000DF1A08 /* Date+ComparisonTests.swift */,
				AA8474E42389CAF200B23520 /* DecimalDoubleValueTests.swift */,
				AA339E7A24030574005D5CA8 /* DividendTests.swift */,
				AAA96F6F24521588008524AC /* ExchangeTests.swift */,
				AAFA769223D994B70087A82D /* HoldingTests.swift */,
				AAB7B1C0243E154000BD450F /* MoneyTests.swift */,
				AA5A85E42464BDD70094510B /* NumberFormatter+CurrencyTests.swift */,
				AAA96F73245216ED008524AC /* Numerics+Total+AverageTests.swift */,
				AA2721AD244E3B6C00BEB19D /* PercentageFormatterTests.swift */,
				AA120022246C7C5800C1FFCA /* PercentageTests.swift */,
				AA6835C7245615C400DF1A08 /* PerformanceCalculatorTests.swift */,
				AA06F78823D9F83F001FFAE9 /* PortfolioTests.swift */,
				AAA96F712452162A008524AC /* PriceTargetTests.swift */,
				AAB7B1C1243E154000BD450F /* StockTests.swift */,
				AA69851C2377351800D0683C /* SymbolTests.swift */,
				AAA96F6A2451FB04008524AC /* TestData.swift */,
				AAE675432375BC3000BA5141 /* TransactionTests.swift */,
			);
			name = FinanceKitTests;
			path = Tests/FinanceKitTests;
			sourceTree = SOURCE_ROOT;
		};
		OBJ_7 /* Sources */ = {
			isa = PBXGroup;
			children = (
				OBJ_8 /* FinanceKit */,
			);
			name = Sources;
			sourceTree = SOURCE_ROOT;
		};
		OBJ_76 /* Products */ = {
			isa = PBXGroup;
			children = (
				"FinanceKit::FinanceKit::Product" /* FinanceKit.framework */,
				"FinanceKit::FinanceKitTests::Product" /* FinanceKitTests.xctest */,
			);
			name = Products;
			sourceTree = BUILT_PRODUCTS_DIR;
		};
		OBJ_8 /* FinanceKit */ = {
			isa = PBXGroup;
			children = (
				AA339E552403056B005D5CA8 /* Amount.swift */,
				AA339E652403056C005D5CA8 /* Asset.swift */,
				AACA05E22725150000CBF668 /* AssetAllocation.swift */,
				OBJ_9 /* Change.swift */,
				AA2721A3244E196D00BEB19D /* ChangePeriod.swift */,
				OBJ_10 /* Company.swift */,
				AAAD1FDE26314C1F00E797AF /* ComparableToZero.swift */,
				OBJ_13 /* Currency.swift */,
				AA7DA6F02391DA4400EF65F5 /* CurrencyCode.swift */,
				AA12001D246C6AEE00C1FFCA /* CurrencyConverter.swift */,
				AA2721AB244E390100BEB19D /* CurrencyFormatter.swift */,
				AA06F78423D9EEBB001FFAE9 /* CurrencyPair.swift */,
				AA6835CA2456210100DF1A08 /* Date+Comparison.swift */,
				AA2721A5244E199C00BEB19D /* Date+Ranges.swift */,
				AA69850823760EFC00D0683C /* Decimal+DoubleValue.swift */,
				AA2721B0244E511300BEB19D /* Decimal+Rounded.swift */,
				AA6835C42455E5A700DF1A08 /* Dividend.swift */,
				AA7A62B023E5D3F20094DC2B /* Exchange.swift */,
				AA6C248324ACCD5800056AAA /* ExchangeRate.swift */,
				AAB7B1B4243E153300BD450F /* HistoricalPrice.swift */,
				AAE67784239298550053B303 /* Holding.swift */,
				AAB7B1B7243E153300BD450F /* Money.swift */,
				AA5A85E22464BDB80094510B /* NumberFormatter+Currency.swift */,
				AA339E642403056C005D5CA8 /* Numerics+Total+Average.swift */,
				AA2721A9244E383500BEB19D /* Percentage.swift */,
				AA339E572403056C005D5CA8 /* PercentageFormatter.swift */,
				AAB7B1B1243E153300BD450F /* PerformanceCalculator.swift */,
				OBJ_30 /* Portfolio.swift */,
				OBJ_31 /* Price.swift */,
				AA339E532403056B005D5CA8 /* PriceTarget.swift */,
				AAE677822392979A0053B303 /* Quantity.swift */,
				OBJ_35 /* Stock.swift */,
				OBJ_44 /* Symbol.swift */,
				OBJ_47 /* Transaction.swift */,
			);
			name = FinanceKit;
			path = Sources/FinanceKit;
			sourceTree = SOURCE_ROOT;
		};
/* End PBXGroup section */

/* Begin PBXNativeTarget section */
		"FinanceKit::FinanceKit" /* FinanceKit */ = {
			isa = PBXNativeTarget;
			buildConfigurationList = OBJ_84 /* Build configuration list for PBXNativeTarget "FinanceKit" */;
			buildPhases = (
				AAB08E282749E2400060355B /* Run SwiftFormat */,
				AA55AA75231ADE430073725E /* Run SwiftLint */,
				OBJ_87 /* Sources */,
				OBJ_131 /* Frameworks */,
			);
			buildRules = (
			);
			dependencies = (
			);
			name = FinanceKit;
			productName = FinanceKit;
			productReference = "FinanceKit::FinanceKit::Product" /* FinanceKit.framework */;
			productType = "com.apple.product-type.framework";
		};
		"FinanceKit::FinanceKitTests" /* FinanceKitTests */ = {
			isa = PBXNativeTarget;
			buildConfigurationList = OBJ_144 /* Build configuration list for PBXNativeTarget "FinanceKitTests" */;
			buildPhases = (
				OBJ_147 /* Sources */,
				OBJ_170 /* Frameworks */,
			);
			buildRules = (
			);
			dependencies = (
				OBJ_172 /* PBXTargetDependency */,
			);
			name = FinanceKitTests;
			productName = FinanceKitTests;
			productReference = "FinanceKit::FinanceKitTests::Product" /* FinanceKitTests.xctest */;
			productType = "com.apple.product-type.bundle.unit-test";
		};
		"FinanceKit::SwiftPMPackageDescription" /* FinanceKitPackageDescription */ = {
			isa = PBXNativeTarget;
			buildConfigurationList = OBJ_133 /* Build configuration list for PBXNativeTarget "FinanceKitPackageDescription" */;
			buildPhases = (
				OBJ_136 /* Sources */,
			);
			buildRules = (
			);
			dependencies = (
			);
			name = FinanceKitPackageDescription;
			productName = FinanceKitPackageDescription;
			productType = "com.apple.product-type.framework";
		};
/* End PBXNativeTarget section */

/* Begin PBXProject section */
		OBJ_1 /* Project object */ = {
			isa = PBXProject;
			attributes = {
				LastSwiftMigration = 9999;
				LastUpgradeCheck = 9999;
			};
			buildConfigurationList = OBJ_2 /* Build configuration list for PBXProject "FinanceKit" */;
			compatibilityVersion = "Xcode 11.0";
			developmentRegion = English;
			hasScannedForEncodings = 0;
			knownRegions = (
				English,
				en,
			);
			mainGroup = OBJ_5;
			productRefGroup = OBJ_76 /* Products */;
			projectDirPath = "";
			projectRoot = "";
			targets = (
				"FinanceKit::FinanceKit" /* FinanceKit */,
				"FinanceKit::SwiftPMPackageDescription" /* FinanceKitPackageDescription */,
				"FinanceKit::FinanceKitPackageTests::ProductTarget" /* FinanceKitPackageTests */,
				"FinanceKit::FinanceKitTests" /* FinanceKitTests */,
			);
		};
/* End PBXProject section */

/* Begin PBXShellScriptBuildPhase section */
		AA55AA75231ADE430073725E /* Run SwiftLint */ = {
			isa = PBXShellScriptBuildPhase;
			buildActionMask = 2147483647;
			files = (
			);
			inputFileListPaths = (
			);
			inputPaths = (
			);
			name = "Run SwiftLint";
			outputFileListPaths = (
			);
			outputPaths = (
			);
			runOnlyForDeploymentPostprocessing = 0;
			shellPath = /bin/sh;
			shellScript = "if test -d \"/opt/homebrew/bin/\"; then\n  PATH=\"/opt/homebrew/bin/:${PATH}\"\nfi\n\nexport PATH\n\nif which swiftlint; then\n  swiftlint\nelse\n  echo \"warning: SwiftLint not installed, download from https://github.com/realm/SwiftLint\"\nfi\n";
		};
		AAB08E282749E2400060355B /* Run SwiftFormat */ = {
			isa = PBXShellScriptBuildPhase;
			buildActionMask = 2147483647;
			files = (
			);
			inputFileListPaths = (
			);
			inputPaths = (
			);
			name = "Run SwiftFormat";
			outputFileListPaths = (
			);
			outputPaths = (
			);
			runOnlyForDeploymentPostprocessing = 0;
			shellPath = /bin/sh;
			shellScript = "if test -d \"/opt/homebrew/bin/\"; then\n  PATH=\"/opt/homebrew/bin/:${PATH}\"\nfi\n\nexport PATH\n\nif which swiftformat >/dev/null; then\n    swiftformat .\nelse\n    echo \"warning: SwiftFormat not installed, download from https://github.com/nicklockwood/SwiftFormat\"\nfi\n";
		};
/* End PBXShellScriptBuildPhase section */

/* Begin PBXSourcesBuildPhase section */
		OBJ_136 /* Sources */ = {
			isa = PBXSourcesBuildPhase;
			buildActionMask = 0;
			files = (
				OBJ_137 /* Package.swift in Sources */,
			);
			runOnlyForDeploymentPostprocessing = 0;
		};
		OBJ_147 /* Sources */ = {
			isa = PBXSourcesBuildPhase;
			buildActionMask = 0;
			files = (
				AA120021246C7A2500C1FFCA /* CurrencyFormatterTests.swift in Sources */,
				AAA96F7024521588008524AC /* ExchangeTests.swift in Sources */,
				OBJ_148 /* ChangeTests.swift in Sources */,
				AAE675442375BC3000BA5141 /* TransactionTests.swift in Sources */,
				OBJ_152 /* CurrencyTests.swift in Sources */,
				AAA96F6C2451FB10008524AC /* TestData.swift in Sources */,
				AA06F78723D9F06A001FFAE9 /* CurrencyPairTests.swift in Sources */,
				AA06F78B23D9F987001FFAE9 /* CompanyTests.swift in Sources */,
				AA8474E52389CAF200B23520 /* DecimalDoubleValueTests.swift in Sources */,
				AA120019246C44A700C1FFCA /* DividendTests.swift in Sources */,
				AAA96F722452162A008524AC /* PriceTargetTests.swift in Sources */,
				AA2721A7244E2A0B00BEB19D /* MoneyTests.swift in Sources */,
				AA2721AF244E4E7000BEB19D /* PortfolioTests.swift in Sources */,
				AAFA769323D994B70087A82D /* HoldingTests.swift in Sources */,
				AA120020246C6FD000C1FFCA /* CurrencyConverterTests.swift in Sources */,
				AA12001C246C5D7800C1FFCA /* StockTests.swift in Sources */,
				AA120023246C7C5800C1FFCA /* PercentageTests.swift in Sources */,
				AA6835C8245615C400DF1A08 /* PerformanceCalculatorTests.swift in Sources */,
				AA69851D2377351800D0683C /* SymbolTests.swift in Sources */,
				AA5A85E52464BDD70094510B /* NumberFormatter+CurrencyTests.swift in Sources */,
				AAA96F74245216ED008524AC /* Numerics+Total+AverageTests.swift in Sources */,
				AACA05E52725151900CBF668 /* AssetAllocationTests.swift in Sources */,
				AA6835CD2456214000DF1A08 /* Date+ComparisonTests.swift in Sources */,
				AA2721AE244E3B6C00BEB19D /* PercentageFormatterTests.swift in Sources */,
			);
			runOnlyForDeploymentPostprocessing = 0;
		};
		OBJ_87 /* Sources */ = {
			isa = PBXSourcesBuildPhase;
			buildActionMask = 0;
			files = (
				AA6835C52455E5A700DF1A08 /* Dividend.swift in Sources */,
				OBJ_88 /* Change.swift in Sources */,
				AA339E782403056D005D5CA8 /* Asset.swift in Sources */,
				AA5A85E32464BDB80094510B /* NumberFormatter+Currency.swift in Sources */,
				OBJ_89 /* Company.swift in Sources */,
				AA06F78523D9EEBB001FFAE9 /* CurrencyPair.swift in Sources */,
				OBJ_92 /* Currency.swift in Sources */,
				OBJ_109 /* Portfolio.swift in Sources */,
				OBJ_110 /* Price.swift in Sources */,
				AA2721B1244E511300BEB19D /* Decimal+Rounded.swift in Sources */,
				AA6835C92456181A00DF1A08 /* PerformanceCalculator.swift in Sources */,
				AA7A62B123E5D3F20094DC2B /* Exchange.swift in Sources */,
				AAE6778C239298550053B303 /* Holding.swift in Sources */,
				AA339E682403056C005D5CA8 /* Amount.swift in Sources */,
				OBJ_114 /* Stock.swift in Sources */,
				AAB7B1BB243E153400BD450F /* HistoricalPrice.swift in Sources */,
				AACA05E32725150000CBF668 /* AssetAllocation.swift in Sources */,
				AA339E772403056D005D5CA8 /* Numerics+Total+Average.swift in Sources */,
				AAE677832392979A0053B303 /* Quantity.swift in Sources */,
				AA2721A4244E196D00BEB19D /* ChangePeriod.swift in Sources */,
				AAB7B1BE243E153400BD450F /* Money.swift in Sources */,
				AA12001E246C6AEE00C1FFCA /* CurrencyConverter.swift in Sources */,
				AA339E6A2403056D005D5CA8 /* PercentageFormatter.swift in Sources */,
				AA2721AC244E390100BEB19D /* CurrencyFormatter.swift in Sources */,
				AA7DA6F12391DA4400EF65F5 /* CurrencyCode.swift in Sources */,
				AA339E662403056C005D5CA8 /* PriceTarget.swift in Sources */,
				AA2721AA244E383500BEB19D /* Percentage.swift in Sources */,
				OBJ_123 /* Symbol.swift in Sources */,
				AA69850C23760EFC00D0683C /* Decimal+DoubleValue.swift in Sources */,
				AA6C248424ACCD5800056AAA /* ExchangeRate.swift in Sources */,
				AAAD1FDF26314C1F00E797AF /* ComparableToZero.swift in Sources */,
				AA6835CB2456210100DF1A08 /* Date+Comparison.swift in Sources */,
				OBJ_126 /* Transaction.swift in Sources */,
				AA2721A6244E199C00BEB19D /* Date+Ranges.swift in Sources */,
			);
			runOnlyForDeploymentPostprocessing = 0;
		};
/* End PBXSourcesBuildPhase section */

/* Begin PBXTargetDependency section */
		OBJ_142 /* PBXTargetDependency */ = {
			isa = PBXTargetDependency;
			target = "FinanceKit::FinanceKitTests" /* FinanceKitTests */;
			targetProxy = AA55AA74231ADDE00073725E /* PBXContainerItemProxy */;
		};
		OBJ_172 /* PBXTargetDependency */ = {
			isa = PBXTargetDependency;
			target = "FinanceKit::FinanceKit" /* FinanceKit */;
			targetProxy = AA55AA73231ADDDE0073725E /* PBXContainerItemProxy */;
		};
/* End PBXTargetDependency section */

/* Begin XCBuildConfiguration section */
		OBJ_134 /* Debug */ = {
			isa = XCBuildConfiguration;
			buildSettings = {
				LD = /usr/bin/true;
				OTHER_SWIFT_FLAGS = "-swift-version 4 -I $(TOOLCHAIN_DIR)/usr/lib/swift/pm/4 -target x86_64-apple-macosx10.10 -sdk /Applications/Xcode.app/Contents/Developer/Platforms/MacOSX.platform/Developer/SDKs/MacOSX10.14.sdk";
				SWIFT_VERSION = 4.0;
			};
			name = Debug;
		};
		OBJ_135 /* Release */ = {
			isa = XCBuildConfiguration;
			buildSettings = {
				LD = /usr/bin/true;
				OTHER_SWIFT_FLAGS = "-swift-version 4 -I $(TOOLCHAIN_DIR)/usr/lib/swift/pm/4 -target x86_64-apple-macosx10.10 -sdk /Applications/Xcode.app/Contents/Developer/Platforms/MacOSX.platform/Developer/SDKs/MacOSX10.14.sdk";
				SWIFT_VERSION = 4.0;
			};
			name = Release;
		};
		OBJ_140 /* Debug */ = {
			isa = XCBuildConfiguration;
			buildSettings = {
			};
			name = Debug;
		};
		OBJ_141 /* Release */ = {
			isa = XCBuildConfiguration;
			buildSettings = {
			};
			name = Release;
		};
		OBJ_145 /* Debug */ = {
			isa = XCBuildConfiguration;
			buildSettings = {
				CLANG_ENABLE_MODULES = YES;
				EMBEDDED_CONTENT_CONTAINS_SWIFT = YES;
				FRAMEWORK_SEARCH_PATHS = (
					"$(inherited)",
					"$(PLATFORM_DIR)/Developer/Library/Frameworks",
				);
				HEADER_SEARCH_PATHS = "$(inherited)";
				INFOPLIST_FILE = FinanceKit.xcodeproj/FinanceKitTests_Info.plist;
				LD_RUNPATH_SEARCH_PATHS = (
					"$(inherited)",
					"@loader_path/../Frameworks",
					"@loader_path/Frameworks",
				);
				OTHER_CFLAGS = "$(inherited)";
				OTHER_LDFLAGS = "$(inherited)";
				OTHER_SWIFT_FLAGS = "$(inherited)";
				SWIFT_ACTIVE_COMPILATION_CONDITIONS = "$(inherited)";
				SWIFT_VERSION = 4.0;
				TARGET_NAME = FinanceKitTests;
			};
			name = Debug;
		};
		OBJ_146 /* Release */ = {
			isa = XCBuildConfiguration;
			buildSettings = {
				CLANG_ENABLE_MODULES = YES;
				EMBEDDED_CONTENT_CONTAINS_SWIFT = YES;
				FRAMEWORK_SEARCH_PATHS = (
					"$(inherited)",
					"$(PLATFORM_DIR)/Developer/Library/Frameworks",
				);
				HEADER_SEARCH_PATHS = "$(inherited)";
				INFOPLIST_FILE = FinanceKit.xcodeproj/FinanceKitTests_Info.plist;
				LD_RUNPATH_SEARCH_PATHS = (
					"$(inherited)",
					"@loader_path/../Frameworks",
					"@loader_path/Frameworks",
				);
				OTHER_CFLAGS = "$(inherited)";
				OTHER_LDFLAGS = "$(inherited)";
				OTHER_SWIFT_FLAGS = "$(inherited)";
				SWIFT_ACTIVE_COMPILATION_CONDITIONS = "$(inherited)";
				SWIFT_VERSION = 4.0;
				TARGET_NAME = FinanceKitTests;
			};
			name = Release;
		};
		OBJ_3 /* Debug */ = {
			isa = XCBuildConfiguration;
			buildSettings = {
				CLANG_ENABLE_OBJC_ARC = YES;
				COMBINE_HIDPI_IMAGES = YES;
				COPY_PHASE_STRIP = NO;
				DEBUG_INFORMATION_FORMAT = dwarf;
				DYLIB_INSTALL_NAME_BASE = "@rpath";
				ENABLE_NS_ASSERTIONS = YES;
				GCC_OPTIMIZATION_LEVEL = 0;
				GCC_PREPROCESSOR_DEFINITIONS = (
					"$(inherited)",
					"SWIFT_PACKAGE=1",
					"DEBUG=1",
				);
				GCC_TREAT_WARNINGS_AS_ERRORS = YES;
				MACOSX_DEPLOYMENT_TARGET = 10.10;
				ONLY_ACTIVE_ARCH = YES;
				OTHER_SWIFT_FLAGS = "-DXcode";
				PRODUCT_NAME = "$(TARGET_NAME)";
				SDKROOT = macosx;
				SUPPORTED_PLATFORMS = "macosx iphoneos iphonesimulator appletvos appletvsimulator watchos watchsimulator";
				SWIFT_ACTIVE_COMPILATION_CONDITIONS = "$(inherited) SWIFT_PACKAGE DEBUG";
				SWIFT_OPTIMIZATION_LEVEL = "-Onone";
				USE_HEADERMAP = NO;
			};
			name = Debug;
		};
		OBJ_4 /* Release */ = {
			isa = XCBuildConfiguration;
			buildSettings = {
				CLANG_ENABLE_OBJC_ARC = YES;
				COMBINE_HIDPI_IMAGES = YES;
				COPY_PHASE_STRIP = YES;
				DEBUG_INFORMATION_FORMAT = "dwarf-with-dsym";
				DYLIB_INSTALL_NAME_BASE = "@rpath";
				GCC_OPTIMIZATION_LEVEL = s;
				GCC_PREPROCESSOR_DEFINITIONS = (
					"$(inherited)",
					"SWIFT_PACKAGE=1",
				);
				GCC_TREAT_WARNINGS_AS_ERRORS = YES;
				MACOSX_DEPLOYMENT_TARGET = 10.10;
				OTHER_SWIFT_FLAGS = "-DXcode";
				PRODUCT_NAME = "$(TARGET_NAME)";
				SDKROOT = macosx;
				SUPPORTED_PLATFORMS = "macosx iphoneos iphonesimulator appletvos appletvsimulator watchos watchsimulator";
				SWIFT_ACTIVE_COMPILATION_CONDITIONS = "$(inherited) SWIFT_PACKAGE";
				SWIFT_COMPILATION_MODE = wholemodule;
				SWIFT_OPTIMIZATION_LEVEL = "-O";
				USE_HEADERMAP = NO;
			};
			name = Release;
		};
		OBJ_85 /* Debug */ = {
			isa = XCBuildConfiguration;
			buildSettings = {
				ENABLE_TESTABILITY = YES;
				FRAMEWORK_SEARCH_PATHS = (
					"$(inherited)",
					"$(PLATFORM_DIR)/Developer/Library/Frameworks",
				);
				GCC_TREAT_WARNINGS_AS_ERRORS = YES;
				HEADER_SEARCH_PATHS = "$(inherited)";
				INFOPLIST_FILE = FinanceKit.xcodeproj/FinanceKit_Info.plist;
				LD_RUNPATH_SEARCH_PATHS = (
					"$(inherited)",
					"$(TOOLCHAIN_DIR)/usr/lib/swift/macosx",
				);
				MARKETING_VERSION = 0.5.1;
				OTHER_CFLAGS = "$(inherited)";
				OTHER_LDFLAGS = "$(inherited)";
				OTHER_SWIFT_FLAGS = "$(inherited)";
				PRODUCT_BUNDLE_IDENTIFIER = FinanceKit;
				PRODUCT_MODULE_NAME = "$(TARGET_NAME:c99extidentifier)";
				PRODUCT_NAME = "$(TARGET_NAME:c99extidentifier)";
				SKIP_INSTALL = YES;
				SWIFT_ACTIVE_COMPILATION_CONDITIONS = "$(inherited)";
				SWIFT_VERSION = 4.0;
				TARGET_NAME = FinanceKit;
			};
			name = Debug;
		};
		OBJ_86 /* Release */ = {
			isa = XCBuildConfiguration;
			buildSettings = {
				ENABLE_TESTABILITY = YES;
				FRAMEWORK_SEARCH_PATHS = (
					"$(inherited)",
					"$(PLATFORM_DIR)/Developer/Library/Frameworks",
				);
				GCC_TREAT_WARNINGS_AS_ERRORS = YES;
				HEADER_SEARCH_PATHS = "$(inherited)";
				INFOPLIST_FILE = FinanceKit.xcodeproj/FinanceKit_Info.plist;
				LD_RUNPATH_SEARCH_PATHS = (
					"$(inherited)",
					"$(TOOLCHAIN_DIR)/usr/lib/swift/macosx",
				);
				MARKETING_VERSION = 0.5.1;
				OTHER_CFLAGS = "$(inherited)";
				OTHER_LDFLAGS = "$(inherited)";
				OTHER_SWIFT_FLAGS = "$(inherited)";
				PRODUCT_BUNDLE_IDENTIFIER = FinanceKit;
				PRODUCT_MODULE_NAME = "$(TARGET_NAME:c99extidentifier)";
				PRODUCT_NAME = "$(TARGET_NAME:c99extidentifier)";
				SKIP_INSTALL = YES;
				SWIFT_ACTIVE_COMPILATION_CONDITIONS = "$(inherited)";
				SWIFT_VERSION = 4.0;
				TARGET_NAME = FinanceKit;
			};
			name = Release;
		};
/* End XCBuildConfiguration section */

/* Begin XCConfigurationList section */
		OBJ_133 /* Build configuration list for PBXNativeTarget "FinanceKitPackageDescription" */ = {
			isa = XCConfigurationList;
			buildConfigurations = (
				OBJ_134 /* Debug */,
				OBJ_135 /* Release */,
			);
			defaultConfigurationIsVisible = 0;
			defaultConfigurationName = Release;
		};
		OBJ_139 /* Build configuration list for PBXAggregateTarget "FinanceKitPackageTests" */ = {
			isa = XCConfigurationList;
			buildConfigurations = (
				OBJ_140 /* Debug */,
				OBJ_141 /* Release */,
			);
			defaultConfigurationIsVisible = 0;
			defaultConfigurationName = Release;
		};
		OBJ_144 /* Build configuration list for PBXNativeTarget "FinanceKitTests" */ = {
			isa = XCConfigurationList;
			buildConfigurations = (
				OBJ_145 /* Debug */,
				OBJ_146 /* Release */,
			);
			defaultConfigurationIsVisible = 0;
			defaultConfigurationName = Release;
		};
		OBJ_2 /* Build configuration list for PBXProject "FinanceKit" */ = {
			isa = XCConfigurationList;
			buildConfigurations = (
				OBJ_3 /* Debug */,
				OBJ_4 /* Release */,
			);
			defaultConfigurationIsVisible = 0;
			defaultConfigurationName = Release;
		};
		OBJ_84 /* Build configuration list for PBXNativeTarget "FinanceKit" */ = {
			isa = XCConfigurationList;
			buildConfigurations = (
				OBJ_85 /* Debug */,
				OBJ_86 /* Release */,
			);
			defaultConfigurationIsVisible = 0;
			defaultConfigurationName = Release;
		};
/* End XCConfigurationList section */
	};
	rootObject = OBJ_1 /* Project object */;
}
